// !$*UTF8*$!
{
	archiveVersion = 1;
	classes = {
	};
	objectVersion = 50;
	objects = {

/* Begin PBXBuildFile section */
		564225C123BAEA5C00EFC8DE /* AppDelegate.swift in Sources */ = {isa = PBXBuildFile; fileRef = 564225C023BAEA5C00EFC8DE /* AppDelegate.swift */; };
		564225C323BAEA5C00EFC8DE /* SceneDelegate.swift in Sources */ = {isa = PBXBuildFile; fileRef = 564225C223BAEA5C00EFC8DE /* SceneDelegate.swift */; };
		564225C523BAEA5C00EFC8DE /* ViewController.swift in Sources */ = {isa = PBXBuildFile; fileRef = 564225C423BAEA5C00EFC8DE /* ViewController.swift */; };
		564225C823BAEA5C00EFC8DE /* Main.storyboard in Resources */ = {isa = PBXBuildFile; fileRef = 564225C623BAEA5C00EFC8DE /* Main.storyboard */; };
		564225CA23BAEA5E00EFC8DE /* Assets.xcassets in Resources */ = {isa = PBXBuildFile; fileRef = 564225C923BAEA5E00EFC8DE /* Assets.xcassets */; };
		564225CD23BAEA5E00EFC8DE /* LaunchScreen.storyboard in Resources */ = {isa = PBXBuildFile; fileRef = 564225CB23BAEA5E00EFC8DE /* LaunchScreen.storyboard */; };
/* End PBXBuildFile section */

/* Begin PBXFileReference section */
		564225BD23BAEA5C00EFC8DE /* ATipCalculator.app */ = {isa = PBXFileReference; explicitFileType = wrapper.application; includeInIndex = 0; path = ATipCalculator.app; sourceTree = BUILT_PRODUCTS_DIR; };
		564225C023BAEA5C00EFC8DE /* AppDelegate.swift */ = {isa = PBXFileReference; lastKnownFileType = sourcecode.swift; path = AppDelegate.swift; sourceTree = "<group>"; };
		564225C223BAEA5C00EFC8DE /* SceneDelegate.swift */ = {isa = PBXFileReference; lastKnownFileType = sourcecode.swift; path = SceneDelegate.swift; sourceTree = "<group>"; };
		564225C423BAEA5C00EFC8DE /* ViewController.swift */ = {isa = PBXFileReference; lastKnownFileType = sourcecode.swift; path = ViewController.swift; sourceTree = "<group>"; };
		564225C723BAEA5C00EFC8DE /* Base */ = {isa = PBXFileReference; lastKnownFileType = file.storyboard; name = Base; path = Base.lproj/Main.storyboard; sourceTree = "<group>"; };
		564225C923BAEA5E00EFC8DE /* Assets.xcassets */ = {isa = PBXFileReference; lastKnownFileType = folder.assetcatalog; path = Assets.xcassets; sourceTree = "<group>"; };
		564225CC23BAEA5E00EFC8DE /* Base */ = {isa = PBXFileReference; lastKnownFileType = file.storyboard; name = Base; path = Base.lproj/LaunchScreen.storyboard; sourceTree = "<group>"; };
		564225CE23BAEA5E00EFC8DE /* Info.plist */ = {isa = PBXFileReference; lastKnownFileType = text.plist.xml; path = Info.plist; sourceTree = "<group>"; };
/* End PBXFileReference section */

/* Begin PBXFrameworksBuildPhase section */
		564225BA23BAEA5C00EFC8DE /* Frameworks */ = {
			isa = PBXFrameworksBuildPhase;
			buildActionMask = 2147483647;
			files = (
			);
			runOnlyForDeploymentPostprocessing = 0;
		};
/* End PBXFrameworksBuildPhase section */

/* Begin PBXGroup section */
		564225B423BAEA5C00EFC8DE = {
			isa = PBXGroup;
			children = (
				564225BF23BAEA5C00EFC8DE /* ATipCalculator */,
				564225BE23BAEA5C00EFC8DE /* Products */,
			);
			sourceTree = "<group>";
		};
		564225BE23BAEA5C00EFC8DE /* Products */ = {
			isa = PBXGroup;
			children = (
				564225BD23BAEA5C00EFC8DE /* ATipCalculator.app */,
			);
			name = Products;
			sourceTree = "<group>";
		};
		564225BF23BAEA5C00EFC8DE /* ATipCalculator */ = {
			isa = PBXGroup;
			children = (
				564225C023BAEA5C00EFC8DE /* AppDelegate.swift */,
				564225C223BAEA5C00EFC8DE /* SceneDelegate.swift */,
				564225C423BAEA5C00EFC8DE /* ViewController.swift */,
				564225C623BAEA5C00EFC8DE /* Main.storyboard */,
				564225C923BAEA5E00EFC8DE /* Assets.xcassets */,
				564225CB23BAEA5E00EFC8DE /* LaunchScreen.storyboard */,
				564225CE23BAEA5E00EFC8DE /* Info.plist */,
			);
			path = ATipCalculator;
			sourceTree = "<group>";
		};
/* End PBXGroup section */

/* Begin PBXNativeTarget section */
		564225BC23BAEA5C00EFC8DE /* ATipCalculator */ = {
			isa = PBXNativeTarget;
			buildConfigurationList = 564225D123BAEA5E00EFC8DE /* Build configuration list for PBXNativeTarget "ATipCalculator" */;
			buildPhases = (
				564225B923BAEA5C00EFC8DE /* Sources */,
				564225BA23BAEA5C00EFC8DE /* Frameworks */,
				564225BB23BAEA5C00EFC8DE /* Resources */,
			);
			buildRules = (
			);
			dependencies = (
			);
			name = ATipCalculator;
			productName = ATipCalculator;
			productReference = 564225BD23BAEA5C00EFC8DE /* ATipCalculator.app */;
			productType = "com.apple.product-type.application";
		};
/* End PBXNativeTarget section */

/* Begin PBXProject section */
		564225B523BAEA5C00EFC8DE /* Project object */ = {
			isa = PBXProject;
			attributes = {
				LastSwiftUpdateCheck = 1130;
				LastUpgradeCheck = 1130;
				ORGANIZATIONNAME = "Roy Perlman";
				TargetAttributes = {
					564225BC23BAEA5C00EFC8DE = {
						CreatedOnToolsVersion = 11.3;
					};
				};
			};
			buildConfigurationList = 564225B823BAEA5C00EFC8DE /* Build configuration list for PBXProject "ATipCalculator" */;
			compatibilityVersion = "Xcode 9.3";
			developmentRegion = en;
			hasScannedForEncodings = 0;
			knownRegions = (
				en,
				Base,
			);
			mainGroup = 564225B423BAEA5C00EFC8DE;
			productRefGroup = 564225BE23BAEA5C00EFC8DE /* Products */;
			projectDirPath = "";
			projectRoot = "";
			targets = (
				564225BC23BAEA5C00EFC8DE /* ATipCalculator */,
			);
		};
/* End PBXProject section */

/* Begin PBXResourcesBuildPhase section */
		564225BB23BAEA5C00EFC8DE /* Resources */ = {
			isa = PBXResourcesBuildPhase;
			buildActionMask = 2147483647;
			files = (
				564225CD23BAEA5E00EFC8DE /* LaunchScreen.storyboard in Resources */,
				564225CA23BAEA5E00EFC8DE /* Assets.xcassets in Resources */,
				564225C823BAEA5C00EFC8DE /* Main.storyboard in Resources */,
			);
			runOnlyForDeploymentPostprocessing = 0;
		};
/* End PBXResourcesBuildPhase section */

/* Begin PBXSourcesBuildPhase section */
		564225B923BAEA5C00EFC8DE /* Sources */ = {
			isa = PBXSourcesBuildPhase;
			buildActionMask = 2147483647;
			files = (
				564225C523BAEA5C00EFC8DE /* ViewController.swift in Sources */,
				564225C123BAEA5C00EFC8DE /* AppDelegate.swift in Sources */,
				564225C323BAEA5C00EFC8DE /* SceneDelegate.swift in Sources */,
			);
			runOnlyForDeploymentPostprocessing = 0;
		};
/* End PBXSourcesBuildPhase section */

/* Begin PBXVariantGroup section */
		564225C623BAEA5C00EFC8DE /* Main.storyboard */ = {
			isa = PBXVariantGroup;
			children = (
				564225C723BAEA5C00EFC8DE /* Base */,
			);
			name = Main.storyboard;
			sourceTree = "<group>";
		};
		564225CB23BAEA5E00EFC8DE /* LaunchScreen.storyboard */ = {
			isa = PBXVariantGroup;
			children = (
				564225CC23BAEA5E00EFC8DE /* Base */,
			);
			name = LaunchScreen.storyboard;
			sourceTree = "<group>";
		};
/* End PBXVariantGroup section */

/* Begin XCBuildConfiguration section */
		564225CF23BAEA5E00EFC8DE /* Debug */ = {
			isa = XCBuildConfiguration;
			buildSettings = {
				ALWAYS_SEARCH_USER_PATHS = NO;
				CLANG_ANALYZER_NONNULL = YES;
				CLANG_ANALYZER_NUMBER_OBJECT_CONVERSION = YES_AGGRESSIVE;
				CLANG_CXX_LANGUAGE_STANDARD = "gnu++14";
				CLANG_CXX_LIBRARY = "libc++";
				CLANG_ENABLE_MODULES = YES;
				CLANG_ENABLE_OBJC_ARC = YES;
				CLANG_ENABLE_OBJC_WEAK = YES;
				CLANG_WARN_BLOCK_CAPTURE_AUTORELEASING = YES;
				CLANG_WARN_BOOL_CONVERSION = YES;
				CLANG_WARN_COMMA = YES;
				CLANG_WARN_CONSTANT_CONVERSION = YES;
				CLANG_WARN_DEPRECATED_OBJC_IMPLEMENTATIONS = YES;
				CLANG_WARN_DIRECT_OBJC_ISA_USAGE = YES_ERROR;
				CLANG_WARN_DOCUMENTATION_COMMENTS = YES;
				CLANG_WARN_EMPTY_BODY = YES;
				CLANG_WARN_ENUM_CONVERSION = YES;
				CLANG_WARN_INFINITE_RECURSION = YES;
				CLANG_WARN_INT_CONVERSION = YES;
				CLANG_WARN_NON_LITERAL_NULL_CONVERSION = YES;
				CLANG_WARN_OBJC_IMPLICIT_RETAIN_SELF = YES;
				CLANG_WARN_OBJC_LITERAL_CONVERSION = YES;
				CLANG_WARN_OBJC_ROOT_CLASS = YES_ERROR;
				CLANG_WARN_RANGE_LOOP_ANALYSIS = YES;
				CLANG_WARN_STRICT_PROTOTYPES = YES;
				CLANG_WARN_SUSPICIOUS_MOVE = YES;
				CLANG_WARN_UNGUARDED_AVAILABILITY = YES_AGGRESSIVE;
				CLANG_WARN_UNREACHABLE_CODE = YES;
				CLANG_WARN__DUPLICATE_METHOD_MATCH = YES;
				COPY_PHASE_STRIP = NO;
				DEBUG_INFORMATION_FORMAT = dwarf;
				ENABLE_STRICT_OBJC_MSGSEND = YES;
				ENABLE_TESTABILITY = YES;
				GCC_C_LANGUAGE_STANDARD = gnu11;
				GCC_DYNAMIC_NO_PIC = NO;
				GCC_NO_COMMON_BLOCKS = YES;
				GCC_OPTIMIZATION_LEVEL = 0;
				GCC_PREPROCESSOR_DEFINITIONS = (
					"DEBUG=1",
					"$(inherited)",
				);
				GCC_WARN_64_TO_32_BIT_CONVERSION = YES;
				GCC_WARN_ABOUT_RETURN_TYPE = YES_ERROR;
				GCC_WARN_UNDECLARED_SELECTOR = YES;
				GCC_WARN_UNINITIALIZED_AUTOS = YES_AGGRESSIVE;
				GCC_WARN_UNUSED_FUNCTION = YES;
				GCC_WARN_UNUSED_VARIABLE = YES;
				IPHONEOS_DEPLOYMENT_TARGET = 13.2;
				MTL_ENABLE_DEBUG_INFO = INCLUDE_SOURCE;
				MTL_FAST_MATH = YES;
				ONLY_ACTIVE_ARCH = YES;
				SDKROOT = iphoneos;
				SWIFT_ACTIVE_COMPILATION_CONDITIONS = DEBUG;
				SWIFT_OPTIMIZATION_LEVEL = "-Onone";
			};
			name = Debug;
		};
		564225D023BAEA5E00EFC8DE /* Release */ = {
			isa = XCBuildConfiguration;
			buildSettings = {
				ALWAYS_SEARCH_USER_PATHS = NO;
				CLANG_ANALYZER_NONNULL = YES;
				CLANG_ANALYZER_NUMBER_OBJECT_CONVERSION = YES_AGGRESSIVE;
				CLANG_CXX_LANGUAGE_STANDARD = "gnu++14";
				CLANG_CXX_LIBRARY = "libc++";
				CLANG_ENABLE_MODULES = YES;
				CLANG_ENABLE_OBJC_ARC = YES;
				CLANG_ENABLE_OBJC_WEAK = YES;
				CLANG_WARN_BLOCK_CAPTURE_AUTORELEASING = YES;
				CLANG_WARN_BOOL_CONVERSION = YES;
				CLANG_WARN_COMMA = YES;
				CLANG_WARN_CONSTANT_CONVERSION = YES;
				CLANG_WARN_DEPRECATED_OBJC_IMPLEMENTATIONS = YES;
				CLANG_WARN_DIRECT_OBJC_ISA_USAGE = YES_ERROR;
				CLANG_WARN_DOCUMENTATION_COMMENTS = YES;
				CLANG_WARN_EMPTY_BODY = YES;
				CLANG_WARN_ENUM_CONVERSION = YES;
				CLANG_WARN_INFINITE_RECURSION = YES;
				CLANG_WARN_INT_CONVERSION = YES;
				CLANG_WARN_NON_LITERAL_NULL_CONVERSION = YES;
				CLANG_WARN_OBJC_IMPLICIT_RETAIN_SELF = YES;
				CLANG_WARN_OBJC_LITERAL_CONVERSION = YES;
				CLANG_WARN_OBJC_ROOT_CLASS = YES_ERROR;
				CLANG_WARN_RANGE_LOOP_ANALYSIS = YES;
				CLANG_WARN_STRICT_PROTOTYPES = YES;
				CLANG_WARN_SUSPICIOUS_MOVE = YES;
				CLANG_WARN_UNGUARDED_AVAILABILITY = YES_AGGRESSIVE;
				CLANG_WARN_UNREACHABLE_CODE = YES;
				CLANG_WARN__DUPLICATE_METHOD_MATCH = YES;
				COPY_PHASE_STRIP = NO;
				DEBUG_INFORMATION_FORMAT = "dwarf-with-dsym";
				ENABLE_NS_ASSERTIONS = NO;
				ENABLE_STRICT_OBJC_MSGSEND = YES;
				GCC_C_LANGUAGE_STANDARD = gnu11;
				GCC_NO_COMMON_BLOCKS = YES;
				GCC_WARN_64_TO_32_BIT_CONVERSION = YES;
				GCC_WARN_ABOUT_RETURN_TYPE = YES_ERROR;
				GCC_WARN_UNDECLARED_SELECTOR = YES;
				GCC_WARN_UNINITIALIZED_AUTOS = YES_AGGRESSIVE;
				GCC_WARN_UNUSED_FUNCTION = YES;
				GCC_WARN_UNUSED_VARIABLE = YES;
				IPHONEOS_DEPLOYMENT_TARGET = 13.2;
				MTL_ENABLE_DEBUG_INFO = NO;
				MTL_FAST_MATH = YES;
				SDKROOT = iphoneos;
				SWIFT_COMPILATION_MODE = wholemodule;
				SWIFT_OPTIMIZATION_LEVEL = "-O";
				VALIDATE_PRODUCT = YES;
			};
			name = Release;
		};
		564225D223BAEA5E00EFC8DE /* Debug */ = {
			isa = XCBuildConfiguration;
			buildSettings = {
				ASSETCATALOG_COMPILER_APPICON_NAME = AppIcon;
				CODE_SIGN_STYLE = Automatic;
				INFOPLIST_FILE = ATipCalculator/Info.plist;
				LD_RUNPATH_SEARCH_PATHS = (
					"$(inherited)",
					"@executable_path/Frameworks",
				);
				PRODUCT_BUNDLE_IDENTIFIER = Perlman.ATipCalculator;
				PRODUCT_NAME = "$(TARGET_NAME)";
				SWIFT_VERSION = 5.0;
				TARGETED_DEVICE_FAMILY = "1,2";
			};
			name = Debug;
		};
		564225D323BAEA5E00EFC8DE /* Release */ = {
			isa = XCBuildConfiguration;
			buildSettings = {
				ASSETCATALOG_COMPILER_APPICON_NAME = AppIcon;
				CODE_SIGN_STYLE = Automatic;
				INFOPLIST_FILE = ATipCalculator/Info.plist;
				LD_RUNPATH_SEARCH_PATHS = (
					"$(inherited)",
					"@executable_path/Frameworks",
				);
				PRODUCT_BUNDLE_IDENTIFIER = Perlman.ATipCalculator;
				PRODUCT_NAME = "$(TARGET_NAME)";
				SWIFT_VERSION = 5.0;
				TARGETED_DEVICE_FAMILY = "1,2";
			};
			name = Release;
		};
/* End XCBuildConfiguration section */

/* Begin XCConfigurationList section */
		564225B823BAEA5C00EFC8DE /* Build configuration list for PBXProject "ATipCalculator" */ = {
			isa = XCConfigurationList;
			buildConfigurations = (
				564225CF23BAEA5E00EFC8DE /* Debug */,
				564225D023BAEA5E00EFC8DE /* Release */,
			);
			defaultConfigurationIsVisible = 0;
			defaultConfigurationName = Release;
		};
		564225D123BAEA5E00EFC8DE /* Build configuration list for PBXNativeTarget "ATipCalculator" */ = {
			isa = XCConfigurationList;
			buildConfigurations = (
				564225D223BAEA5E00EFC8DE /* Debug */,
				564225D323BAEA5E00EFC8DE /* Release */,
			);
			defaultConfigurationIsVisible = 0;
			defaultConfigurationName = Release;
		};
/* End XCConfigurationList section */
	};
	rootObject = 564225B523BAEA5C00EFC8DE /* Project object */;
}
